
Microsoft Visual Studio Solution File, Format Version 12.00
# Visual Studio Version 17
VisualStudioVersion = 17.8.34408.163
MinimumVisualStudioVersion = 10.0.40219.1
Project("{9A19103F-16F7-4668-BE54-9A1E7A4F7556}") = "Langua.Models", "Langua.Models\Langua.Models.csproj", "{F6E9BAB3-0F3E-4EA2-9ADC-45BD137657CE}"
EndProject
Project("{9A19103F-16F7-4668-BE54-9A1E7A4F7556}") = "Langua.DataContext", "Langua.DataContext\Langua.DataContext.csproj", "{BE9FA614-39AE-459E-A1FC-F36FD297CD72}"
EndProject
Project("{9A19103F-16F7-4668-BE54-9A1E7A4F7556}") = "Langua.WebUI", "Langua.WebUI\Langua.WebUI.csproj", "{6399B370-A782-468B-8C1A-F93BA88DA372}"
EndProject
Project("{9A19103F-16F7-4668-BE54-9A1E7A4F7556}") = "Langua.Core", "Langua.Core\Langua.Core.csproj", "{A3D302BD-00FF-4E79-82E5-BE74423C9361}"
EndProject
Project("{9A19103F-16F7-4668-BE54-9A1E7A4F7556}") = "Langua.Repositories", "Langua.Repositories\Langua.Repositories.csproj", "{F42A77C3-7C7D-4669-A7C2-14A13F218E5E}"
EndProject
Project("{9A19103F-16F7-4668-BE54-9A1E7A4F7556}") = "Langua.Shared", "Langua.Shared\Langua.Shared.csproj", "{E4BA7646-A138-4F96-A289-D4EE6D71887C}"
EndProject
Global
	GlobalSection(SolutionConfigurationPlatforms) = preSolution
		Debug|Any CPU = Debug|Any CPU
		Release|Any CPU = Release|Any CPU
	EndGlobalSection
	GlobalSection(ProjectConfigurationPlatforms) = postSolution
		{F6E9BAB3-0F3E-4EA2-9ADC-45BD137657CE}.Debug|Any CPU.ActiveCfg = Debug|Any CPU
		{F6E9BAB3-0F3E-4EA2-9ADC-45BD137657CE}.Debug|Any CPU.Build.0 = Debug|Any CPU
		{F6E9BAB3-0F3E-4EA2-9ADC-45BD137657CE}.Release|Any CPU.ActiveCfg = Release|Any CPU
		{F6E9BAB3-0F3E-4EA2-9ADC-45BD137657CE}.Release|Any CPU.Build.0 = Release|Any CPU
		{BE9FA614-39AE-459E-A1FC-F36FD297CD72}.Debug|Any CPU.ActiveCfg = Debug|Any CPU
		{BE9FA614-39AE-459E-A1FC-F36FD297CD72}.Debug|Any CPU.Build.0 = Debug|Any CPU
		{BE9FA614-39AE-459E-A1FC-F36FD297CD72}.Release|Any CPU.ActiveCfg = Release|Any CPU
		{BE9FA614-39AE-459E-A1FC-F36FD297CD72}.Release|Any CPU.Build.0 = Release|Any CPU
		{6399B370-A782-468B-8C1A-F93BA88DA372}.Debug|Any CPU.ActiveCfg = Debug|Any CPU
		{6399B370-A782-468B-8C1A-F93BA88DA372}.Debug|Any CPU.Build.0 = Debug|Any CPU
		{6399B370-A782-468B-8C1A-F93BA88DA372}.Release|Any CPU.ActiveCfg = Release|Any CPU
		{6399B370-A782-468B-8C1A-F93BA88DA372}.Release|Any CPU.Build.0 = Release|Any CPU
		{A3D302BD-00FF-4E79-82E5-BE74423C9361}.Debug|Any CPU.ActiveCfg = Debug|Any CPU
		{A3D302BD-00FF-4E79-82E5-BE74423C9361}.Debug|Any CPU.Build.0 = Debug|Any CPU
		{A3D302BD-00FF-4E79-82E5-BE74423C9361}.Release|Any CPU.ActiveCfg = Release|Any CPU
		{A3D302BD-00FF-4E79-82E5-BE74423C9361}.Release|Any CPU.Build.0 = Release|Any CPU
		{F42A77C3-7C7D-4669-A7C2-14A13F218E5E}.Debug|Any CPU.ActiveCfg = Debug|Any CPU
		{F42A77C3-7C7D-4669-A7C2-14A13F218E5E}.Debug|Any CPU.Build.0 = Debug|Any CPU
		{F42A77C3-7C7D-4669-A7C2-14A13F218E5E}.Release|Any CPU.ActiveCfg = Release|Any CPU
		{F42A77C3-7C7D-4669-A7C2-14A13F218E5E}.Release|Any CPU.Build.0 = Release|Any CPU
		{E4BA7646-A138-4F96-A289-D4EE6D71887C}.Debug|Any CPU.ActiveCfg = Debug|Any CPU
		{E4BA7646-A138-4F96-A289-D4EE6D71887C}.Debug|Any CPU.Build.0 = Debug|Any CPU
		{E4BA7646-A138-4F96-A289-D4EE6D71887C}.Release|Any CPU.ActiveCfg = Release|Any CPU
		{E4BA7646-A138-4F96-A289-D4EE6D71887C}.Release|Any CPU.Build.0 = Release|Any CPU
	EndGlobalSection
	GlobalSection(SolutionProperties) = preSolution
		HideSolutionNode = FALSE
	EndGlobalSection
	GlobalSection(ExtensibilityGlobals) = postSolution
		SolutionGuid = {E620AEC7-777C-456D-8D72-E4D04DF3EE54}
	EndGlobalSection
EndGlobal
